{
  "pins" : [
    {
      "identity" : "hiddify-next-core",
      "kind" : "remoteSourceControl",
      "location" : "https://github.com/hiddify/hiddify-next-core.git",
      "state" : {
        "branch" : "main",
        "revision" : "f7fa71fddbfb2437ae909d8f8ec36b257a855b03"
      }
    }
  ],
  "version" : 2
}
